
Microsoft Visual Studio Solution File, Format Version 12.00
# Visual Studio Version 17
VisualStudioVersion = 17.0.31903.59
MinimumVisualStudioVersion = 10.0.40219.1
Project("{FAE04EC0-301F-11D3-BF4B-00C04F79EFBC}") = "MiniTwit.Server", "MiniTwit.Server\MiniTwit.Server.csproj", "{54D82A84-ACDC-4004-B70A-46550AD422E1}"
EndProject
Project("{FAE04EC0-301F-11D3-BF4B-00C04F79EFBC}") = "MiniTwit.Tests", "MiniTwit.Server.Tests\MiniTwit.Tests.csproj", "{601312AA-17B6-494A-B05A-D380D0495FE8}"
EndProject
Global
	GlobalSection(SolutionConfigurationPlatforms) = preSolution
		Debug|Any CPU = Debug|Any CPU
		Release|Any CPU = Release|Any CPU
	EndGlobalSection
	GlobalSection(SolutionProperties) = preSolution
		HideSolutionNode = FALSE
	EndGlobalSection
	GlobalSection(ProjectConfigurationPlatforms) = postSolution
		{54D82A84-ACDC-4004-B70A-46550AD422E1}.Debug|Any CPU.ActiveCfg = Debug|Any CPU
		{54D82A84-ACDC-4004-B70A-46550AD422E1}.Debug|Any CPU.Build.0 = Debug|Any CPU
		{54D82A84-ACDC-4004-B70A-46550AD422E1}.Release|Any CPU.ActiveCfg = Release|Any CPU
		{54D82A84-ACDC-4004-B70A-46550AD422E1}.Release|Any CPU.Build.0 = Release|Any CPU
		{601312AA-17B6-494A-B05A-D380D0495FE8}.Debug|Any CPU.ActiveCfg = Debug|Any CPU
		{601312AA-17B6-494A-B05A-D380D0495FE8}.Debug|Any CPU.Build.0 = Debug|Any CPU
		{601312AA-17B6-494A-B05A-D380D0495FE8}.Release|Any CPU.ActiveCfg = Release|Any CPU
		{601312AA-17B6-494A-B05A-D380D0495FE8}.Release|Any CPU.Build.0 = Release|Any CPU
	EndGlobalSection
EndGlobal
