
Microsoft Visual Studio Solution File, Format Version 12.00
# Visual Studio Version 17
VisualStudioVersion = 17.0.31903.59
MinimumVisualStudioVersion = 10.0.40219.1
Project("{FAE04EC0-301F-11D3-BF4B-00C04F79EFBC}") = "MiniTwit.Server", "MiniTwit.Server\MiniTwit.Server.csproj", "{2247A537-40D5-4B94-89E4-68B12E1D4866}"
EndProject
Project("{FAE04EC0-301F-11D3-BF4B-00C04F79EFBC}") = "MiniTwit.Server.Tests", "MiniTwit.Server.Tests\MiniTwit.Server.Tests.csproj", "{7CF7D7F0-1603-4550-93BA-2CD68839DB65}"
EndProject
Project("{FAE04EC0-301F-11D3-BF4B-00C04F79EFBC}") = "MiniTwit.Core", "MiniTwit.Core\MiniTwit.Core.csproj", "{7D5F6EF5-A157-4D1C-82B7-6C8405003605}"
EndProject
Project("{FAE04EC0-301F-11D3-BF4B-00C04F79EFBC}") = "MiniTwit.Infrastructure", "MiniTwit.Infrastructure\MiniTwit.Infrastructure.csproj", "{8DBEB98F-3258-4FFB-AD7D-ACC2327BBE6F}"
EndProject
Project("{FAE04EC0-301F-11D3-BF4B-00C04F79EFBC}") = "MiniTwit.Security", "MiniTwit.Security\MiniTwit.Security.csproj", "{34C6A456-A1D9-4A38-B27E-9CB2510972E0}"
EndProject
Global
	GlobalSection(SolutionConfigurationPlatforms) = preSolution
		Debug|Any CPU = Debug|Any CPU
		Release|Any CPU = Release|Any CPU
	EndGlobalSection
	GlobalSection(SolutionProperties) = preSolution
		HideSolutionNode = FALSE
	EndGlobalSection
	GlobalSection(ProjectConfigurationPlatforms) = postSolution
		{2247A537-40D5-4B94-89E4-68B12E1D4866}.Debug|Any CPU.ActiveCfg = Debug|Any CPU
		{2247A537-40D5-4B94-89E4-68B12E1D4866}.Debug|Any CPU.Build.0 = Debug|Any CPU
		{2247A537-40D5-4B94-89E4-68B12E1D4866}.Release|Any CPU.ActiveCfg = Release|Any CPU
		{2247A537-40D5-4B94-89E4-68B12E1D4866}.Release|Any CPU.Build.0 = Release|Any CPU
		{7CF7D7F0-1603-4550-93BA-2CD68839DB65}.Debug|Any CPU.ActiveCfg = Debug|Any CPU
		{7CF7D7F0-1603-4550-93BA-2CD68839DB65}.Debug|Any CPU.Build.0 = Debug|Any CPU
		{7CF7D7F0-1603-4550-93BA-2CD68839DB65}.Release|Any CPU.ActiveCfg = Release|Any CPU
		{7CF7D7F0-1603-4550-93BA-2CD68839DB65}.Release|Any CPU.Build.0 = Release|Any CPU
		{7D5F6EF5-A157-4D1C-82B7-6C8405003605}.Debug|Any CPU.ActiveCfg = Debug|Any CPU
		{7D5F6EF5-A157-4D1C-82B7-6C8405003605}.Debug|Any CPU.Build.0 = Debug|Any CPU
		{7D5F6EF5-A157-4D1C-82B7-6C8405003605}.Release|Any CPU.ActiveCfg = Release|Any CPU
		{7D5F6EF5-A157-4D1C-82B7-6C8405003605}.Release|Any CPU.Build.0 = Release|Any CPU
		{8DBEB98F-3258-4FFB-AD7D-ACC2327BBE6F}.Debug|Any CPU.ActiveCfg = Debug|Any CPU
		{8DBEB98F-3258-4FFB-AD7D-ACC2327BBE6F}.Debug|Any CPU.Build.0 = Debug|Any CPU
		{8DBEB98F-3258-4FFB-AD7D-ACC2327BBE6F}.Release|Any CPU.ActiveCfg = Release|Any CPU
		{8DBEB98F-3258-4FFB-AD7D-ACC2327BBE6F}.Release|Any CPU.Build.0 = Release|Any CPU
		{34C6A456-A1D9-4A38-B27E-9CB2510972E0}.Debug|Any CPU.ActiveCfg = Debug|Any CPU
		{34C6A456-A1D9-4A38-B27E-9CB2510972E0}.Debug|Any CPU.Build.0 = Debug|Any CPU
		{34C6A456-A1D9-4A38-B27E-9CB2510972E0}.Release|Any CPU.ActiveCfg = Release|Any CPU
		{34C6A456-A1D9-4A38-B27E-9CB2510972E0}.Release|Any CPU.Build.0 = Release|Any CPU
	EndGlobalSection
EndGlobal
