{
  "name": "itu-minitwit",
  "lockfileVersion": 2,
  "requires": true,
  "packages": {
    "": {
      "dependencies": {
        "@types/selenium-webdriver": "^4.1.13"
      },
      "devDependencies": {
        "@types/mocha": "^10.0.1"
      }
    },
    "MiniTwit.Web": {
      "name": "minitwit",
      "version": "0.1.0",
      "extraneous": true,
      "dependencies": {
        "@emotion/react": "^11.10.5",
        "@emotion/styled": "^11.10.5",
        "@mui/material": "^5.11.8",
        "@testing-library/jest-dom": "^5.16.5",
        "@testing-library/react": "^13.4.0",
        "@testing-library/user-event": "^13.5.0",
        "@types/jest": "^27.5.2",
        "@types/node": "^16.18.12",
        "@types/react": "^18.0.28",
        "@types/react-dom": "^18.0.10",
        "axios": "^1.3.4",
        "react": "^18.2.0",
        "react-dom": "^18.2.0",
        "react-router-dom": "^6.8.1",
        "react-scripts": "5.0.1",
        "ts-md5": "^1.3.1",
        "typescript": "^4.9.5",
        "web-vitals": "^2.1.4"
      }
    },
    "node_modules/@types/mocha": {
      "version": "10.0.1",
      "resolved": "https://registry.npmjs.org/@types/mocha/-/mocha-10.0.1.tgz",
      "integrity": "sha512-/fvYntiO1GeICvqbQ3doGDIP97vWmvFt83GKguJ6prmQM2iXZfFcq6YE8KteFyRtX2/h5Hf91BYvPodJKFYv5Q==",
      "dev": true
    },
    "node_modules/@types/node": {
      "version": "16.18.12",
      "license": "MIT"
    },
    "node_modules/@types/selenium-webdriver": {
      "version": "4.1.13",
      "resolved": "https://registry.npmjs.org/@types/selenium-webdriver/-/selenium-webdriver-4.1.13.tgz",
      "integrity": "sha512-kGpIh7bvu4HGCJXl4PEJ53kzpG4iXlRDd66SNNCfJ58QhFuk9skOm57lVffZap5ChEOJwbge/LJ9IVGVC8EEOg==",
      "dependencies": {
        "@types/ws": "*"
      }
    },
    "node_modules/@types/ws": {
      "version": "8.5.4",
      "license": "MIT",
      "dependencies": {
        "@types/node": "*"
      }
    }
  },
  "dependencies": {
    "@types/mocha": {
      "version": "10.0.1",
      "resolved": "https://registry.npmjs.org/@types/mocha/-/mocha-10.0.1.tgz",
      "integrity": "sha512-/fvYntiO1GeICvqbQ3doGDIP97vWmvFt83GKguJ6prmQM2iXZfFcq6YE8KteFyRtX2/h5Hf91BYvPodJKFYv5Q==",
      "dev": true
    },
    "@types/node": {
      "version": "16.18.12"
    },
    "@types/selenium-webdriver": {
      "version": "4.1.13",
      "resolved": "https://registry.npmjs.org/@types/selenium-webdriver/-/selenium-webdriver-4.1.13.tgz",
      "integrity": "sha512-kGpIh7bvu4HGCJXl4PEJ53kzpG4iXlRDd66SNNCfJ58QhFuk9skOm57lVffZap5ChEOJwbge/LJ9IVGVC8EEOg==",
      "requires": {
        "@types/ws": "*"
      }
    },
    "@types/ws": {
      "version": "8.5.4",
      "requires": {
        "@types/node": "*"
      }
    }
  }
}
