
Microsoft Visual Studio Solution File, Format Version 12.00
# Visual Studio Version 17
VisualStudioVersion = 17.0.31903.59
MinimumVisualStudioVersion = 10.0.40219.1
Project("{FAE04EC0-301F-11D3-BF4B-00C04F79EFBC}") = "MiniTwit.Client", "MiniTwit.Client\MiniTwit.Client.csproj", "{6A8E3015-0B09-48C1-9472-6BA8B1F4F845}"
EndProject
Project("{FAE04EC0-301F-11D3-BF4B-00C04F79EFBC}") = "MiniTwit.Server", "MiniTwit.Server\MiniTwit.Server.csproj", "{FBB1FA32-C3E0-41E0-92C4-79A7A796DC97}"
EndProject
Project("{FAE04EC0-301F-11D3-BF4B-00C04F79EFBC}") = "MiniTwit.Server.Tests", "MiniTwit.Server.Tests\MiniTwit.Server.Tests.csproj", "{868CFF29-03A9-43E2-8C5B-4106DF871B2D}"
EndProject
Global
	GlobalSection(SolutionConfigurationPlatforms) = preSolution
		Debug|Any CPU = Debug|Any CPU
		Release|Any CPU = Release|Any CPU
	EndGlobalSection
	GlobalSection(SolutionProperties) = preSolution
		HideSolutionNode = FALSE
	EndGlobalSection
	GlobalSection(ProjectConfigurationPlatforms) = postSolution
		{6A8E3015-0B09-48C1-9472-6BA8B1F4F845}.Debug|Any CPU.ActiveCfg = Debug|Any CPU
		{6A8E3015-0B09-48C1-9472-6BA8B1F4F845}.Debug|Any CPU.Build.0 = Debug|Any CPU
		{6A8E3015-0B09-48C1-9472-6BA8B1F4F845}.Release|Any CPU.ActiveCfg = Release|Any CPU
		{6A8E3015-0B09-48C1-9472-6BA8B1F4F845}.Release|Any CPU.Build.0 = Release|Any CPU
		{FBB1FA32-C3E0-41E0-92C4-79A7A796DC97}.Debug|Any CPU.ActiveCfg = Debug|Any CPU
		{FBB1FA32-C3E0-41E0-92C4-79A7A796DC97}.Debug|Any CPU.Build.0 = Debug|Any CPU
		{FBB1FA32-C3E0-41E0-92C4-79A7A796DC97}.Release|Any CPU.ActiveCfg = Release|Any CPU
		{FBB1FA32-C3E0-41E0-92C4-79A7A796DC97}.Release|Any CPU.Build.0 = Release|Any CPU
		{868CFF29-03A9-43E2-8C5B-4106DF871B2D}.Debug|Any CPU.ActiveCfg = Debug|Any CPU
		{868CFF29-03A9-43E2-8C5B-4106DF871B2D}.Debug|Any CPU.Build.0 = Debug|Any CPU
		{868CFF29-03A9-43E2-8C5B-4106DF871B2D}.Release|Any CPU.ActiveCfg = Release|Any CPU
		{868CFF29-03A9-43E2-8C5B-4106DF871B2D}.Release|Any CPU.Build.0 = Release|Any CPU
	EndGlobalSection
EndGlobal
